// !$*UTF8*$!
{
	archiveVersion = 1;
	classes = {
	};
	objectVersion = 46;
	objects = {

/* Begin PBXBuildFile section */
		69C3E53C1F1B098400F19C42 /* AppDelegate.swift in Sources */ = {isa = PBXBuildFile; fileRef = 69C3E53B1F1B098400F19C42 /* AppDelegate.swift */; };
		69C3E5411F1B098400F19C42 /* Main.storyboard in Resources */ = {isa = PBXBuildFile; fileRef = 69C3E53F1F1B098400F19C42 /* Main.storyboard */; };
		69C3E5431F1B098400F19C42 /* Assets.xcassets in Resources */ = {isa = PBXBuildFile; fileRef = 69C3E5421F1B098400F19C42 /* Assets.xcassets */; };
		69C3E5461F1B098400F19C42 /* LaunchScreen.storyboard in Resources */ = {isa = PBXBuildFile; fileRef = 69C3E5441F1B098400F19C42 /* LaunchScreen.storyboard */; };
		69C3E54F1F1B0A1800F19C42 /* Beer.swift in Sources */ = {isa = PBXBuildFile; fileRef = 69C3E54E1F1B0A1800F19C42 /* Beer.swift */; };
		69C3E5511F1B0BBD00F19C42 /* BeerTableViewController.swift in Sources */ = {isa = PBXBuildFile; fileRef = 69C3E5501F1B0BBD00F19C42 /* BeerTableViewController.swift */; };
		69C3E5531F1B0BFE00F19C42 /* DetailViewController.swift in Sources */ = {isa = PBXBuildFile; fileRef = 69C3E5521F1B0BFE00F19C42 /* DetailViewController.swift */; };
		69C3E5591F1B10E600F19C42 /* DataSource.swift in Sources */ = {isa = PBXBuildFile; fileRef = 69C3E5581F1B10E600F19C42 /* DataSource.swift */; };
		69C3E55C1F1B210F00F19C42 /* Services.swift in Sources */ = {isa = PBXBuildFile; fileRef = 69C3E55B1F1B210F00F19C42 /* Services.swift */; };
/* End PBXBuildFile section */

/* Begin PBXFileReference section */
		69C3E5381F1B098400F19C42 /* Roberto.app */ = {isa = PBXFileReference; explicitFileType = wrapper.application; includeInIndex = 0; path = Roberto.app; sourceTree = BUILT_PRODUCTS_DIR; };
		69C3E53B1F1B098400F19C42 /* AppDelegate.swift */ = {isa = PBXFileReference; lastKnownFileType = sourcecode.swift; path = AppDelegate.swift; sourceTree = "<group>"; };
		69C3E5401F1B098400F19C42 /* Base */ = {isa = PBXFileReference; lastKnownFileType = file.storyboard; name = Base; path = Base.lproj/Main.storyboard; sourceTree = "<group>"; };
		69C3E5421F1B098400F19C42 /* Assets.xcassets */ = {isa = PBXFileReference; lastKnownFileType = folder.assetcatalog; path = Assets.xcassets; sourceTree = "<group>"; };
		69C3E5451F1B098400F19C42 /* Base */ = {isa = PBXFileReference; lastKnownFileType = file.storyboard; name = Base; path = Base.lproj/LaunchScreen.storyboard; sourceTree = "<group>"; };
		69C3E5471F1B098400F19C42 /* Info.plist */ = {isa = PBXFileReference; lastKnownFileType = text.plist.xml; path = Info.plist; sourceTree = "<group>"; };
		69C3E54E1F1B0A1800F19C42 /* Beer.swift */ = {isa = PBXFileReference; fileEncoding = 4; lastKnownFileType = sourcecode.swift; path = Beer.swift; sourceTree = "<group>"; };
		69C3E5501F1B0BBD00F19C42 /* BeerTableViewController.swift */ = {isa = PBXFileReference; fileEncoding = 4; lastKnownFileType = sourcecode.swift; path = BeerTableViewController.swift; sourceTree = "<group>"; };
		69C3E5521F1B0BFE00F19C42 /* DetailViewController.swift */ = {isa = PBXFileReference; fileEncoding = 4; lastKnownFileType = sourcecode.swift; path = DetailViewController.swift; sourceTree = "<group>"; };
		69C3E5581F1B10E600F19C42 /* DataSource.swift */ = {isa = PBXFileReference; fileEncoding = 4; lastKnownFileType = sourcecode.swift; path = DataSource.swift; sourceTree = "<group>"; };
		69C3E55B1F1B210F00F19C42 /* Services.swift */ = {isa = PBXFileReference; fileEncoding = 4; lastKnownFileType = sourcecode.swift; path = Services.swift; sourceTree = "<group>"; };
/* End PBXFileReference section */

/* Begin PBXFrameworksBuildPhase section */
		69C3E5351F1B098400F19C42 /* Frameworks */ = {
			isa = PBXFrameworksBuildPhase;
			buildActionMask = 2147483647;
			files = (
			);
			runOnlyForDeploymentPostprocessing = 0;
		};
/* End PBXFrameworksBuildPhase section */

/* Begin PBXGroup section */
		69C3E52F1F1B098400F19C42 = {
			isa = PBXGroup;
			children = (
				69C3E53A1F1B098400F19C42 /* Roberto */,
				69C3E5391F1B098400F19C42 /* Products */,
			);
			sourceTree = "<group>";
		};
		69C3E5391F1B098400F19C42 /* Products */ = {
			isa = PBXGroup;
			children = (
				69C3E5381F1B098400F19C42 /* Roberto.app */,
			);
			name = Products;
			sourceTree = "<group>";
		};
		69C3E53A1F1B098400F19C42 /* Roberto */ = {
			isa = PBXGroup;
			children = (
				69C3E55D1F1C6FA500F19C42 /* View */,
				69C3E55A1F1B20E700F19C42 /* Services */,
				69C3E5571F1B10D300F19C42 /* API */,
				69C3E54D1F1B09BB00F19C42 /* Model */,
				69C3E53B1F1B098400F19C42 /* AppDelegate.swift */,
				69C3E5421F1B098400F19C42 /* Assets.xcassets */,
				69C3E5471F1B098400F19C42 /* Info.plist */,
			);
			path = Roberto;
			sourceTree = "<group>";
		};
		69C3E54D1F1B09BB00F19C42 /* Model */ = {
			isa = PBXGroup;
			children = (
				69C3E54E1F1B0A1800F19C42 /* Beer.swift */,
			);
			name = Model;
			sourceTree = "<group>";
		};
		69C3E5571F1B10D300F19C42 /* API */ = {
			isa = PBXGroup;
			children = (
				69C3E5581F1B10E600F19C42 /* DataSource.swift */,
			);
			name = API;
			sourceTree = "<group>";
		};
		69C3E55A1F1B20E700F19C42 /* Services */ = {
			isa = PBXGroup;
			children = (
				69C3E55B1F1B210F00F19C42 /* Services.swift */,
			);
			name = Services;
			sourceTree = "<group>";
		};
		69C3E55D1F1C6FA500F19C42 /* View */ = {
			isa = PBXGroup;
			children = (
				69C3E5441F1B098400F19C42 /* LaunchScreen.storyboard */,
				69C3E53F1F1B098400F19C42 /* Main.storyboard */,
				69C3E5501F1B0BBD00F19C42 /* BeerTableViewController.swift */,
				69C3E5521F1B0BFE00F19C42 /* DetailViewController.swift */,
			);
			name = View;
			sourceTree = "<group>";
		};
/* End PBXGroup section */

/* Begin PBXNativeTarget section */
		69C3E5371F1B098400F19C42 /* Roberto */ = {
			isa = PBXNativeTarget;
			buildConfigurationList = 69C3E54A1F1B098400F19C42 /* Build configuration list for PBXNativeTarget "Roberto" */;
			buildPhases = (
				69C3E5341F1B098400F19C42 /* Sources */,
				69C3E5351F1B098400F19C42 /* Frameworks */,
				69C3E5361F1B098400F19C42 /* Resources */,
			);
			buildRules = (
			);
			dependencies = (
			);
			name = Roberto;
			productName = Roberto;
			productReference = 69C3E5381F1B098400F19C42 /* Roberto.app */;
			productType = "com.apple.product-type.application";
		};
/* End PBXNativeTarget section */

/* Begin PBXProject section */
		69C3E5301F1B098400F19C42 /* Project object */ = {
			isa = PBXProject;
			attributes = {
				LastSwiftUpdateCheck = 0830;
				LastUpgradeCheck = 0830;
				ORGANIZATIONNAME = robertoveigajunior;
				TargetAttributes = {
					69C3E5371F1B098400F19C42 = {
						CreatedOnToolsVersion = 8.3.3;
						DevelopmentTeam = KRXY7Q4555;
						ProvisioningStyle = Automatic;
					};
				};
			};
			buildConfigurationList = 69C3E5331F1B098400F19C42 /* Build configuration list for PBXProject "Roberto" */;
			compatibilityVersion = "Xcode 3.2";
			developmentRegion = English;
			hasScannedForEncodings = 0;
			knownRegions = (
				en,
				Base,
			);
			mainGroup = 69C3E52F1F1B098400F19C42;
			productRefGroup = 69C3E5391F1B098400F19C42 /* Products */;
			projectDirPath = "";
			projectRoot = "";
			targets = (
				69C3E5371F1B098400F19C42 /* Roberto */,
			);
		};
/* End PBXProject section */

/* Begin PBXResourcesBuildPhase section */
		69C3E5361F1B098400F19C42 /* Resources */ = {
			isa = PBXResourcesBuildPhase;
			buildActionMask = 2147483647;
			files = (
				69C3E5461F1B098400F19C42 /* LaunchScreen.storyboard in Resources */,
				69C3E5431F1B098400F19C42 /* Assets.xcassets in Resources */,
				69C3E5411F1B098400F19C42 /* Main.storyboard in Resources */,
			);
			runOnlyForDeploymentPostprocessing = 0;
		};
/* End PBXResourcesBuildPhase section */

/* Begin PBXSourcesBuildPhase section */
		69C3E5341F1B098400F19C42 /* Sources */ = {
			isa = PBXSourcesBuildPhase;
			buildActionMask = 2147483647;
			files = (
				69C3E5591F1B10E600F19C42 /* DataSource.swift in Sources */,
				69C3E55C1F1B210F00F19C42 /* Services.swift in Sources */,
				69C3E5511F1B0BBD00F19C42 /* BeerTableViewController.swift in Sources */,
				69C3E54F1F1B0A1800F19C42 /* Beer.swift in Sources */,
				69C3E53C1F1B098400F19C42 /* AppDelegate.swift in Sources */,
				69C3E5531F1B0BFE00F19C42 /* DetailViewController.swift in Sources */,
			);
			runOnlyForDeploymentPostprocessing = 0;
		};
/* End PBXSourcesBuildPhase section */

/* Begin PBXVariantGroup section */
		69C3E53F1F1B098400F19C42 /* Main.storyboard */ = {
			isa = PBXVariantGroup;
			children = (
				69C3E5401F1B098400F19C42 /* Base */,
			);
			name = Main.storyboard;
			sourceTree = "<group>";
		};
		69C3E5441F1B098400F19C42 /* LaunchScreen.storyboard */ = {
			isa = PBXVariantGroup;
			children = (
				69C3E5451F1B098400F19C42 /* Base */,
			);
			name = LaunchScreen.storyboard;
			sourceTree = "<group>";
		};
/* End PBXVariantGroup section */

/* Begin XCBuildConfiguration section */
		69C3E5481F1B098400F19C42 /* Debug */ = {
			isa = XCBuildConfiguration;
			buildSettings = {
				ALWAYS_SEARCH_USER_PATHS = NO;
				CLANG_ANALYZER_NONNULL = YES;
				CLANG_ANALYZER_NUMBER_OBJECT_CONVERSION = YES_AGGRESSIVE;
				CLANG_CXX_LANGUAGE_STANDARD = "gnu++0x";
				CLANG_CXX_LIBRARY = "libc++";
				CLANG_ENABLE_MODULES = YES;
				CLANG_ENABLE_OBJC_ARC = YES;
				CLANG_WARN_BOOL_CONVERSION = YES;
				CLANG_WARN_CONSTANT_CONVERSION = YES;
				CLANG_WARN_DIRECT_OBJC_ISA_USAGE = YES_ERROR;
				CLANG_WARN_DOCUMENTATION_COMMENTS = YES;
				CLANG_WARN_EMPTY_BODY = YES;
				CLANG_WARN_ENUM_CONVERSION = YES;
				CLANG_WARN_INFINITE_RECURSION = YES;
				CLANG_WARN_INT_CONVERSION = YES;
				CLANG_WARN_OBJC_ROOT_CLASS = YES_ERROR;
				CLANG_WARN_SUSPICIOUS_MOVE = YES;
				CLANG_WARN_UNREACHABLE_CODE = YES;
				CLANG_WARN__DUPLICATE_METHOD_MATCH = YES;
				"CODE_SIGN_IDENTITY[sdk=iphoneos*]" = "iPhone Developer";
				COPY_PHASE_STRIP = NO;
				DEBUG_INFORMATION_FORMAT = dwarf;
				ENABLE_STRICT_OBJC_MSGSEND = YES;
				ENABLE_TESTABILITY = YES;
				GCC_C_LANGUAGE_STANDARD = gnu99;
				GCC_DYNAMIC_NO_PIC = NO;
				GCC_NO_COMMON_BLOCKS = YES;
				GCC_OPTIMIZATION_LEVEL = 0;
				GCC_PREPROCESSOR_DEFINITIONS = (
					"DEBUG=1",
					"$(inherited)",
				);
				GCC_WARN_64_TO_32_BIT_CONVERSION = YES;
				GCC_WARN_ABOUT_RETURN_TYPE = YES_ERROR;
				GCC_WARN_UNDECLARED_SELECTOR = YES;
				GCC_WARN_UNINITIALIZED_AUTOS = YES_AGGRESSIVE;
				GCC_WARN_UNUSED_FUNCTION = YES;
				GCC_WARN_UNUSED_VARIABLE = YES;
				IPHONEOS_DEPLOYMENT_TARGET = 10.3;
				MTL_ENABLE_DEBUG_INFO = YES;
				ONLY_ACTIVE_ARCH = YES;
				SDKROOT = iphoneos;
				SWIFT_ACTIVE_COMPILATION_CONDITIONS = DEBUG;
				SWIFT_OPTIMIZATION_LEVEL = "-Onone";
			};
			name = Debug;
		};
		69C3E5491F1B098400F19C42 /* Release */ = {
			isa = XCBuildConfiguration;
			buildSettings = {
				ALWAYS_SEARCH_USER_PATHS = NO;
				CLANG_ANALYZER_NONNULL = YES;
				CLANG_ANALYZER_NUMBER_OBJECT_CONVERSION = YES_AGGRESSIVE;
				CLANG_CXX_LANGUAGE_STANDARD = "gnu++0x";
				CLANG_CXX_LIBRARY = "libc++";
				CLANG_ENABLE_MODULES = YES;
				CLANG_ENABLE_OBJC_ARC = YES;
				CLANG_WARN_BOOL_CONVERSION = YES;
				CLANG_WARN_CONSTANT_CONVERSION = YES;
				CLANG_WARN_DIRECT_OBJC_ISA_USAGE = YES_ERROR;
				CLANG_WARN_DOCUMENTATION_COMMENTS = YES;
				CLANG_WARN_EMPTY_BODY = YES;
				CLANG_WARN_ENUM_CONVERSION = YES;
				CLANG_WARN_INFINITE_RECURSION = YES;
				CLANG_WARN_INT_CONVERSION = YES;
				CLANG_WARN_OBJC_ROOT_CLASS = YES_ERROR;
				CLANG_WARN_SUSPICIOUS_MOVE = YES;
				CLANG_WARN_UNREACHABLE_CODE = YES;
				CLANG_WARN__DUPLICATE_METHOD_MATCH = YES;
				"CODE_SIGN_IDENTITY[sdk=iphoneos*]" = "iPhone Developer";
				COPY_PHASE_STRIP = NO;
				DEBUG_INFORMATION_FORMAT = "dwarf-with-dsym";
				ENABLE_NS_ASSERTIONS = NO;
				ENABLE_STRICT_OBJC_MSGSEND = YES;
				GCC_C_LANGUAGE_STANDARD = gnu99;
				GCC_NO_COMMON_BLOCKS = YES;
				GCC_WARN_64_TO_32_BIT_CONVERSION = YES;
				GCC_WARN_ABOUT_RETURN_TYPE = YES_ERROR;
				GCC_WARN_UNDECLARED_SELECTOR = YES;
				GCC_WARN_UNINITIALIZED_AUTOS = YES_AGGRESSIVE;
				GCC_WARN_UNUSED_FUNCTION = YES;
				GCC_WARN_UNUSED_VARIABLE = YES;
				IPHONEOS_DEPLOYMENT_TARGET = 10.3;
				MTL_ENABLE_DEBUG_INFO = NO;
				SDKROOT = iphoneos;
				SWIFT_OPTIMIZATION_LEVEL = "-Owholemodule";
				VALIDATE_PRODUCT = YES;
			};
			name = Release;
		};
		69C3E54B1F1B098400F19C42 /* Debug */ = {
			isa = XCBuildConfiguration;
			buildSettings = {
				ASSETCATALOG_COMPILER_APPICON_NAME = AppIcon;
				DEVELOPMENT_TEAM = KRXY7Q4555;
				INFOPLIST_FILE = Roberto/Info.plist;
				IPHONEOS_DEPLOYMENT_TARGET = 9.0;
				LD_RUNPATH_SEARCH_PATHS = "$(inherited) @executable_path/Frameworks";
				PRODUCT_BUNDLE_IDENTIFIER = br.com.robertoveigajunior.Roberto;
				PRODUCT_NAME = "$(TARGET_NAME)";
				SWIFT_VERSION = 3.0;
			};
			name = Debug;
		};
		69C3E54C1F1B098400F19C42 /* Release */ = {
			isa = XCBuildConfiguration;
			buildSettings = {
				ASSETCATALOG_COMPILER_APPICON_NAME = AppIcon;
				DEVELOPMENT_TEAM = KRXY7Q4555;
				INFOPLIST_FILE = Roberto/Info.plist;
				IPHONEOS_DEPLOYMENT_TARGET = 9.0;
				LD_RUNPATH_SEARCH_PATHS = "$(inherited) @executable_path/Frameworks";
				PRODUCT_BUNDLE_IDENTIFIER = br.com.robertoveigajunior.Roberto;
				PRODUCT_NAME = "$(TARGET_NAME)";
				SWIFT_VERSION = 3.0;
			};
			name = Release;
		};
/* End XCBuildConfiguration section */

/* Begin XCConfigurationList section */
		69C3E5331F1B098400F19C42 /* Build configuration list for PBXProject "Roberto" */ = {
			isa = XCConfigurationList;
			buildConfigurations = (
				69C3E5481F1B098400F19C42 /* Debug */,
				69C3E5491F1B098400F19C42 /* Release */,
			);
			defaultConfigurationIsVisible = 0;
			defaultConfigurationName = Release;
		};
		69C3E54A1F1B098400F19C42 /* Build configuration list for PBXNativeTarget "Roberto" */ = {
			isa = XCConfigurationList;
			buildConfigurations = (
				69C3E54B1F1B098400F19C42 /* Debug */,
				69C3E54C1F1B098400F19C42 /* Release */,
			);
			defaultConfigurationIsVisible = 0;
		};
/* End XCConfigurationList section */
	};
	rootObject = 69C3E5301F1B098400F19C42 /* Project object */;
}
